
Microsoft Visual Studio Solution File, Format Version 12.00
# Visual Studio Version 17
VisualStudioVersion = 17.5.002.0
MinimumVisualStudioVersion = 10.0.40219.1
Project("{9A19103F-16F7-4668-BE54-9A1E7A4F7556}") = "c-sharp-dot-net-essential-training-2453257", "c-sharp-dot-net-essential-training-2453257.csproj", "{FB391B75-9154-4CDE-A745-3BE552BD2AC3}"
EndProject
Project("{2150E333-8FDC-42A3-9474-1A3956D46DE8}") = "Start", "Start", "{E85545D1-E84D-4F9D-9F11-49EE42482393}"
EndProject
Project("{2150E333-8FDC-42A3-9474-1A3956D46DE8}") = "Overview", "Overview", "{071DA403-2724-4922-8E67-4B3EEAB85AD9}"
EndProject
Project("{9A19103F-16F7-4668-BE54-9A1E7A4F7556}") = "GarbageCollect", "Start\Overview\GarbageCollect\GarbageCollect.csproj", "{32934978-BBA3-484C-94A4-82ACC3607DD0}"
EndProject
Project("{9A19103F-16F7-4668-BE54-9A1E7A4F7556}") = "MyConsoleApp", "Start\Overview\MyConsoleApp\MyConsoleApp.csproj", "{DA1904A2-DDF7-45CC-A1C2-C1289B7FED77}"
EndProject
Project("{9A19103F-16F7-4668-BE54-9A1E7A4F7556}") = "DataTypes", "Start\Overview\DataTypes\DataTypes.csproj", "{D27EEB6D-B95D-43DC-9D36-3FAD2B34D623}"
EndProject
Project("{2150E333-8FDC-42A3-9474-1A3956D46DE8}") = "Regex", "Regex", "{88A63078-1347-40C0-A32B-E9AF4C8DB5E6}"
EndProject
Project("{9A19103F-16F7-4668-BE54-9A1E7A4F7556}") = "Finding", "Start\Regex\Finding\Finding.csproj", "{1C2A811D-E69F-49F8-93E8-866A7041BE62}"
EndProject
Project("{9A19103F-16F7-4668-BE54-9A1E7A4F7556}") = "RegexTimeouts", "Start\Regex\Timeouts\RegexTimeouts.csproj", "{712097FA-EC5C-4763-B5F1-97C6C7F98522}"
EndProject
Project("{9A19103F-16F7-4668-BE54-9A1E7A4F7556}") = "Replacing", "Start\Regex\Replacing\Replacing.csproj", "{D628B48A-81C7-48C7-96DE-A3A27FE8F503}"
EndProject
Project("{2150E333-8FDC-42A3-9474-1A3956D46DE8}") = "NumbersDates", "NumbersDates", "{FEBA7368-AF70-4ED7-AFC5-D924D46A46F2}"
EndProject
Project("{9A19103F-16F7-4668-BE54-9A1E7A4F7556}") = "ParseNumbers", "Start\NumbersDates\ParseNumbers\ParseNumbers.csproj", "{859AE102-C78D-48BE-81FC-120547E2850C}"
EndProject
Project("{9A19103F-16F7-4668-BE54-9A1E7A4F7556}") = "FormatNumbers", "Start\NumbersDates\FormatNumbers\FormatNumbers.csproj", "{51750543-7A0A-430C-954E-546D21D06FBE}"
EndProject
Project("{9A19103F-16F7-4668-BE54-9A1E7A4F7556}") = "DateTimeClass", "Start\NumbersDates\DateTimeClass\DateTimeClass.csproj", "{2FAE18EE-A749-42CA-8D2A-5FB90AF5A1A3}"
EndProject
Project("{9A19103F-16F7-4668-BE54-9A1E7A4F7556}") = "FormatDates", "Start\NumbersDates\FormatDates\FormatDates.csproj", "{C9A9C7D3-E437-4C77-9537-CEDFD0D1C288}"
EndProject
Project("{9A19103F-16F7-4668-BE54-9A1E7A4F7556}") = "ParseDates", "Start\NumbersDates\ParseDates\ParseDates.csproj", "{3E618B92-16D0-49E1-BA0D-BC228464DDA5}"
EndProject
Project("{2150E333-8FDC-42A3-9474-1A3956D46DE8}") = "Files", "Files", "{6AD0B157-677F-406C-A892-574E765A45CF}"
EndProject
Project("{9A19103F-16F7-4668-BE54-9A1E7A4F7556}") = "ReadWriteFiles", "Start\Files\ReadWriteFiles\ReadWriteFiles.csproj", "{50CAF798-F68C-4D36-A525-D33D8BF00597}"
EndProject
Project("{9A19103F-16F7-4668-BE54-9A1E7A4F7556}") = "CreateFiles", "Start\Files\CreateFiles\CreateFiles.csproj", "{A4A7D400-8BDD-42D1-9272-1706C4A42CA7}"
EndProject
Project("{9A19103F-16F7-4668-BE54-9A1E7A4F7556}") = "Directories", "Start\Files\Directories\Directories.csproj", "{0A75C0B7-EFCA-483A-9FA3-F4127922D2E3}"
EndProject
Project("{9A19103F-16F7-4668-BE54-9A1E7A4F7556}") = "FileInfo", "Start\Files\FileInfo\FileInfo.csproj", "{AE7387DF-35A3-45D9-BA85-2BBE8566363A}"
EndProject
Project("{2150E333-8FDC-42A3-9474-1A3956D46DE8}") = "Strings", "Strings", "{AD1EC094-C74D-4F04-ACF9-8BD4AD93F8D1}"
EndProject
Project("{9A19103F-16F7-4668-BE54-9A1E7A4F7556}") = "Searching", "Start\Strings\Searching\Searching.csproj", "{4944489C-FC73-4EA2-AC2D-D02BE39F2058}"
EndProject
Project("{9A19103F-16F7-4668-BE54-9A1E7A4F7556}") = "Formatting", "Start\Strings\Formatting\Formatting.csproj", "{EBDBDC88-0E68-41D8-8906-42D19A17E29C}"
EndProject
Project("{9A19103F-16F7-4668-BE54-9A1E7A4F7556}") = "Manipulation", "Start\Strings\Manipulation\Manipulation.csproj", "{82FEBC8E-7DAD-44DF-AA40-02EEDEDB5D1E}"
EndProject
Project("{9A19103F-16F7-4668-BE54-9A1E7A4F7556}") = "Interpolation", "Start\Strings\Interpolation\Interpolation.csproj", "{C1A0EE68-BADF-416A-A83C-1F11B8853CDF}"
EndProject
Project("{2150E333-8FDC-42A3-9474-1A3956D46DE8}") = "Finished", "Finished", "{DA1532E4-F9EA-4E29-9D17-6E836ED5ECF0}"
EndProject
Project("{2150E333-8FDC-42A3-9474-1A3956D46DE8}") = "Overview", "Overview", "{C71771D6-FE77-45B3-9AFE-63BD42E62311}"
EndProject
Project("{9A19103F-16F7-4668-BE54-9A1E7A4F7556}") = "GarbageCollect", "Finished\Overview\GarbageCollect\GarbageCollect.csproj", "{63D144C2-A425-4ADE-8759-531661D7884A}"
EndProject
Project("{9A19103F-16F7-4668-BE54-9A1E7A4F7556}") = "MyConsoleApp", "Finished\Overview\MyConsoleApp\MyConsoleApp.csproj", "{DA534044-B594-4E5B-9832-7B541842924B}"
EndProject
Project("{9A19103F-16F7-4668-BE54-9A1E7A4F7556}") = "DataTypes", "Finished\Overview\DataTypes\DataTypes.csproj", "{38A05BEE-116E-4E3C-95AA-125A7C916D18}"
EndProject
Project("{2150E333-8FDC-42A3-9474-1A3956D46DE8}") = "Regex", "Regex", "{1DE11D50-030B-44FF-A654-A5A1FBB9B7CF}"
EndProject
Project("{9A19103F-16F7-4668-BE54-9A1E7A4F7556}") = "Finding", "Finished\Regex\Finding\Finding.csproj", "{6CE28CC6-068C-4E51-8BE4-DA2342F89C0E}"
EndProject
Project("{9A19103F-16F7-4668-BE54-9A1E7A4F7556}") = "RegexTimeouts", "Finished\Regex\Timeouts\RegexTimeouts.csproj", "{F17FDBD2-C695-47D8-8648-7F4DF1FB113E}"
EndProject
Project("{9A19103F-16F7-4668-BE54-9A1E7A4F7556}") = "Replacing", "Finished\Regex\Replacing\Replacing.csproj", "{70B2A6CE-067A-4338-93A8-8D04329E3C24}"
EndProject
Project("{9A19103F-16F7-4668-BE54-9A1E7A4F7556}") = "Challenge", "Finished\Regex\Challenge\Challenge.csproj", "{433DF7DC-FB6B-4580-BE6B-9EB8EC712616}"
EndProject
Project("{2150E333-8FDC-42A3-9474-1A3956D46DE8}") = "NumbersDates", "NumbersDates", "{7FB045CC-2FC2-48AC-BD72-0663F3AF43A1}"
EndProject
Project("{9A19103F-16F7-4668-BE54-9A1E7A4F7556}") = "ParseNumbers", "Finished\NumbersDates\ParseNumbers\ParseNumbers.csproj", "{3CDE77DD-1E7A-48D1-86CB-CAB6586A0B3D}"
EndProject
Project("{9A19103F-16F7-4668-BE54-9A1E7A4F7556}") = "FormatNumbers", "Finished\NumbersDates\FormatNumbers\FormatNumbers.csproj", "{2E5C94AC-6655-44F1-B0CE-92DD08523690}"
EndProject
Project("{9A19103F-16F7-4668-BE54-9A1E7A4F7556}") = "DateTimeClass", "Finished\NumbersDates\DateTimeClass\DateTimeClass.csproj", "{DAED4235-1C40-4CE5-B88B-1A5D5B99DE4F}"
EndProject
Project("{9A19103F-16F7-4668-BE54-9A1E7A4F7556}") = "FormatDates", "Finished\NumbersDates\FormatDates\FormatDates.csproj", "{929C29C2-A28E-4D0D-BBDB-14B3CA6548E6}"
EndProject
Project("{9A19103F-16F7-4668-BE54-9A1E7A4F7556}") = "Challenge", "Finished\NumbersDates\Challenge\Challenge.csproj", "{92CD8584-D951-4A4D-AD92-9D5E356C807A}"
EndProject
Project("{9A19103F-16F7-4668-BE54-9A1E7A4F7556}") = "ParseDates", "Finished\NumbersDates\ParseDates\ParseDates.csproj", "{7E59C941-69B8-4F3B-86E5-0778EB9B16E7}"
EndProject
Project("{2150E333-8FDC-42A3-9474-1A3956D46DE8}") = "Files", "Files", "{45A8A19A-B0EC-4952-8F24-D62973522A4F}"
EndProject
Project("{9A19103F-16F7-4668-BE54-9A1E7A4F7556}") = "ReadWriteFiles", "Finished\Files\ReadWriteFiles\ReadWriteFiles.csproj", "{DD0B190C-CBCF-4F0B-A752-74B72DF9D53F}"
EndProject
Project("{9A19103F-16F7-4668-BE54-9A1E7A4F7556}") = "CreateFiles", "Finished\Files\CreateFiles\CreateFiles.csproj", "{B20CC1BC-D13D-4605-A6FC-DF78C4875A86}"
EndProject
Project("{9A19103F-16F7-4668-BE54-9A1E7A4F7556}") = "Directories", "Finished\Files\Directories\Directories.csproj", "{A1C134C0-B6C0-49F4-BB5F-FF7CD8331FD5}"
EndProject
Project("{9A19103F-16F7-4668-BE54-9A1E7A4F7556}") = "FileInfo", "Finished\Files\FileInfo\FileInfo.csproj", "{412D56E0-FF6F-4087-9DE8-A9B890DBC381}"
EndProject
Project("{9A19103F-16F7-4668-BE54-9A1E7A4F7556}") = "Challenge", "Finished\Files\Challenge\Challenge.csproj", "{ABC3D153-0D94-40E8-AAFB-5074C08803AA}"
EndProject
Project("{2150E333-8FDC-42A3-9474-1A3956D46DE8}") = "Strings", "Strings", "{360554C1-C06F-4838-B9D8-84178B625EE4}"
EndProject
Project("{9A19103F-16F7-4668-BE54-9A1E7A4F7556}") = "Searching", "Finished\Strings\Searching\Searching.csproj", "{464AA11A-5FD4-4D77-BEF2-EE54D32E2437}"
EndProject
Project("{9A19103F-16F7-4668-BE54-9A1E7A4F7556}") = "Formatting", "Finished\Strings\Formatting\Formatting.csproj", "{3931C814-B9A9-42E7-93CF-0B2D1CA12FB7}"
EndProject
Project("{9A19103F-16F7-4668-BE54-9A1E7A4F7556}") = "Manipulation", "Finished\Strings\Manipulation\Manipulation.csproj", "{C5E87ABC-537D-4C6C-B98A-B358B2C37C37}"
EndProject
Project("{9A19103F-16F7-4668-BE54-9A1E7A4F7556}") = "Interpolation", "Finished\Strings\Interpolation\Interpolation.csproj", "{30D7E554-E5E5-494C-BFDB-D15F1D4ECBF4}"
EndProject
Global
	GlobalSection(SolutionConfigurationPlatforms) = preSolution
		Debug|Any CPU = Debug|Any CPU
		Release|Any CPU = Release|Any CPU
	EndGlobalSection
	GlobalSection(ProjectConfigurationPlatforms) = postSolution
		{FB391B75-9154-4CDE-A745-3BE552BD2AC3}.Debug|Any CPU.ActiveCfg = Debug|Any CPU
		{FB391B75-9154-4CDE-A745-3BE552BD2AC3}.Debug|Any CPU.Build.0 = Debug|Any CPU
		{FB391B75-9154-4CDE-A745-3BE552BD2AC3}.Release|Any CPU.ActiveCfg = Release|Any CPU
		{FB391B75-9154-4CDE-A745-3BE552BD2AC3}.Release|Any CPU.Build.0 = Release|Any CPU
		{32934978-BBA3-484C-94A4-82ACC3607DD0}.Debug|Any CPU.ActiveCfg = Debug|Any CPU
		{32934978-BBA3-484C-94A4-82ACC3607DD0}.Debug|Any CPU.Build.0 = Debug|Any CPU
		{32934978-BBA3-484C-94A4-82ACC3607DD0}.Release|Any CPU.ActiveCfg = Release|Any CPU
		{32934978-BBA3-484C-94A4-82ACC3607DD0}.Release|Any CPU.Build.0 = Release|Any CPU
		{DA1904A2-DDF7-45CC-A1C2-C1289B7FED77}.Debug|Any CPU.ActiveCfg = Debug|Any CPU
		{DA1904A2-DDF7-45CC-A1C2-C1289B7FED77}.Debug|Any CPU.Build.0 = Debug|Any CPU
		{DA1904A2-DDF7-45CC-A1C2-C1289B7FED77}.Release|Any CPU.ActiveCfg = Release|Any CPU
		{DA1904A2-DDF7-45CC-A1C2-C1289B7FED77}.Release|Any CPU.Build.0 = Release|Any CPU
		{D27EEB6D-B95D-43DC-9D36-3FAD2B34D623}.Debug|Any CPU.ActiveCfg = Debug|Any CPU
		{D27EEB6D-B95D-43DC-9D36-3FAD2B34D623}.Debug|Any CPU.Build.0 = Debug|Any CPU
		{D27EEB6D-B95D-43DC-9D36-3FAD2B34D623}.Release|Any CPU.ActiveCfg = Release|Any CPU
		{D27EEB6D-B95D-43DC-9D36-3FAD2B34D623}.Release|Any CPU.Build.0 = Release|Any CPU
		{1C2A811D-E69F-49F8-93E8-866A7041BE62}.Debug|Any CPU.ActiveCfg = Debug|Any CPU
		{1C2A811D-E69F-49F8-93E8-866A7041BE62}.Debug|Any CPU.Build.0 = Debug|Any CPU
		{1C2A811D-E69F-49F8-93E8-866A7041BE62}.Release|Any CPU.ActiveCfg = Release|Any CPU
		{1C2A811D-E69F-49F8-93E8-866A7041BE62}.Release|Any CPU.Build.0 = Release|Any CPU
		{712097FA-EC5C-4763-B5F1-97C6C7F98522}.Debug|Any CPU.ActiveCfg = Debug|Any CPU
		{712097FA-EC5C-4763-B5F1-97C6C7F98522}.Debug|Any CPU.Build.0 = Debug|Any CPU
		{712097FA-EC5C-4763-B5F1-97C6C7F98522}.Release|Any CPU.ActiveCfg = Release|Any CPU
		{712097FA-EC5C-4763-B5F1-97C6C7F98522}.Release|Any CPU.Build.0 = Release|Any CPU
		{D628B48A-81C7-48C7-96DE-A3A27FE8F503}.Debug|Any CPU.ActiveCfg = Debug|Any CPU
		{D628B48A-81C7-48C7-96DE-A3A27FE8F503}.Debug|Any CPU.Build.0 = Debug|Any CPU
		{D628B48A-81C7-48C7-96DE-A3A27FE8F503}.Release|Any CPU.ActiveCfg = Release|Any CPU
		{D628B48A-81C7-48C7-96DE-A3A27FE8F503}.Release|Any CPU.Build.0 = Release|Any CPU
		{859AE102-C78D-48BE-81FC-120547E2850C}.Debug|Any CPU.ActiveCfg = Debug|Any CPU
		{859AE102-C78D-48BE-81FC-120547E2850C}.Debug|Any CPU.Build.0 = Debug|Any CPU
		{859AE102-C78D-48BE-81FC-120547E2850C}.Release|Any CPU.ActiveCfg = Release|Any CPU
		{859AE102-C78D-48BE-81FC-120547E2850C}.Release|Any CPU.Build.0 = Release|Any CPU
		{51750543-7A0A-430C-954E-546D21D06FBE}.Debug|Any CPU.ActiveCfg = Debug|Any CPU
		{51750543-7A0A-430C-954E-546D21D06FBE}.Debug|Any CPU.Build.0 = Debug|Any CPU
		{51750543-7A0A-430C-954E-546D21D06FBE}.Release|Any CPU.ActiveCfg = Release|Any CPU
		{51750543-7A0A-430C-954E-546D21D06FBE}.Release|Any CPU.Build.0 = Release|Any CPU
		{2FAE18EE-A749-42CA-8D2A-5FB90AF5A1A3}.Debug|Any CPU.ActiveCfg = Debug|Any CPU
		{2FAE18EE-A749-42CA-8D2A-5FB90AF5A1A3}.Debug|Any CPU.Build.0 = Debug|Any CPU
		{2FAE18EE-A749-42CA-8D2A-5FB90AF5A1A3}.Release|Any CPU.ActiveCfg = Release|Any CPU
		{2FAE18EE-A749-42CA-8D2A-5FB90AF5A1A3}.Release|Any CPU.Build.0 = Release|Any CPU
		{C9A9C7D3-E437-4C77-9537-CEDFD0D1C288}.Debug|Any CPU.ActiveCfg = Debug|Any CPU
		{C9A9C7D3-E437-4C77-9537-CEDFD0D1C288}.Debug|Any CPU.Build.0 = Debug|Any CPU
		{C9A9C7D3-E437-4C77-9537-CEDFD0D1C288}.Release|Any CPU.ActiveCfg = Release|Any CPU
		{C9A9C7D3-E437-4C77-9537-CEDFD0D1C288}.Release|Any CPU.Build.0 = Release|Any CPU
		{3E618B92-16D0-49E1-BA0D-BC228464DDA5}.Debug|Any CPU.ActiveCfg = Debug|Any CPU
		{3E618B92-16D0-49E1-BA0D-BC228464DDA5}.Debug|Any CPU.Build.0 = Debug|Any CPU
		{3E618B92-16D0-49E1-BA0D-BC228464DDA5}.Release|Any CPU.ActiveCfg = Release|Any CPU
		{3E618B92-16D0-49E1-BA0D-BC228464DDA5}.Release|Any CPU.Build.0 = Release|Any CPU
		{50CAF798-F68C-4D36-A525-D33D8BF00597}.Debug|Any CPU.ActiveCfg = Debug|Any CPU
		{50CAF798-F68C-4D36-A525-D33D8BF00597}.Debug|Any CPU.Build.0 = Debug|Any CPU
		{50CAF798-F68C-4D36-A525-D33D8BF00597}.Release|Any CPU.ActiveCfg = Release|Any CPU
		{50CAF798-F68C-4D36-A525-D33D8BF00597}.Release|Any CPU.Build.0 = Release|Any CPU
		{A4A7D400-8BDD-42D1-9272-1706C4A42CA7}.Debug|Any CPU.ActiveCfg = Debug|Any CPU
		{A4A7D400-8BDD-42D1-9272-1706C4A42CA7}.Debug|Any CPU.Build.0 = Debug|Any CPU
		{A4A7D400-8BDD-42D1-9272-1706C4A42CA7}.Release|Any CPU.ActiveCfg = Release|Any CPU
		{A4A7D400-8BDD-42D1-9272-1706C4A42CA7}.Release|Any CPU.Build.0 = Release|Any CPU
		{0A75C0B7-EFCA-483A-9FA3-F4127922D2E3}.Debug|Any CPU.ActiveCfg = Debug|Any CPU
		{0A75C0B7-EFCA-483A-9FA3-F4127922D2E3}.Debug|Any CPU.Build.0 = Debug|Any CPU
		{0A75C0B7-EFCA-483A-9FA3-F4127922D2E3}.Release|Any CPU.ActiveCfg = Release|Any CPU
		{0A75C0B7-EFCA-483A-9FA3-F4127922D2E3}.Release|Any CPU.Build.0 = Release|Any CPU
		{AE7387DF-35A3-45D9-BA85-2BBE8566363A}.Debug|Any CPU.ActiveCfg = Debug|Any CPU
		{AE7387DF-35A3-45D9-BA85-2BBE8566363A}.Debug|Any CPU.Build.0 = Debug|Any CPU
		{AE7387DF-35A3-45D9-BA85-2BBE8566363A}.Release|Any CPU.ActiveCfg = Release|Any CPU
		{AE7387DF-35A3-45D9-BA85-2BBE8566363A}.Release|Any CPU.Build.0 = Release|Any CPU
		{4944489C-FC73-4EA2-AC2D-D02BE39F2058}.Debug|Any CPU.ActiveCfg = Debug|Any CPU
		{4944489C-FC73-4EA2-AC2D-D02BE39F2058}.Debug|Any CPU.Build.0 = Debug|Any CPU
		{4944489C-FC73-4EA2-AC2D-D02BE39F2058}.Release|Any CPU.ActiveCfg = Release|Any CPU
		{4944489C-FC73-4EA2-AC2D-D02BE39F2058}.Release|Any CPU.Build.0 = Release|Any CPU
		{EBDBDC88-0E68-41D8-8906-42D19A17E29C}.Debug|Any CPU.ActiveCfg = Debug|Any CPU
		{EBDBDC88-0E68-41D8-8906-42D19A17E29C}.Debug|Any CPU.Build.0 = Debug|Any CPU
		{EBDBDC88-0E68-41D8-8906-42D19A17E29C}.Release|Any CPU.ActiveCfg = Release|Any CPU
		{EBDBDC88-0E68-41D8-8906-42D19A17E29C}.Release|Any CPU.Build.0 = Release|Any CPU
		{82FEBC8E-7DAD-44DF-AA40-02EEDEDB5D1E}.Debug|Any CPU.ActiveCfg = Debug|Any CPU
		{82FEBC8E-7DAD-44DF-AA40-02EEDEDB5D1E}.Debug|Any CPU.Build.0 = Debug|Any CPU
		{82FEBC8E-7DAD-44DF-AA40-02EEDEDB5D1E}.Release|Any CPU.ActiveCfg = Release|Any CPU
		{82FEBC8E-7DAD-44DF-AA40-02EEDEDB5D1E}.Release|Any CPU.Build.0 = Release|Any CPU
		{C1A0EE68-BADF-416A-A83C-1F11B8853CDF}.Debug|Any CPU.ActiveCfg = Debug|Any CPU
		{C1A0EE68-BADF-416A-A83C-1F11B8853CDF}.Debug|Any CPU.Build.0 = Debug|Any CPU
		{C1A0EE68-BADF-416A-A83C-1F11B8853CDF}.Release|Any CPU.ActiveCfg = Release|Any CPU
		{C1A0EE68-BADF-416A-A83C-1F11B8853CDF}.Release|Any CPU.Build.0 = Release|Any CPU
		{63D144C2-A425-4ADE-8759-531661D7884A}.Debug|Any CPU.ActiveCfg = Debug|Any CPU
		{63D144C2-A425-4ADE-8759-531661D7884A}.Debug|Any CPU.Build.0 = Debug|Any CPU
		{63D144C2-A425-4ADE-8759-531661D7884A}.Release|Any CPU.ActiveCfg = Release|Any CPU
		{63D144C2-A425-4ADE-8759-531661D7884A}.Release|Any CPU.Build.0 = Release|Any CPU
		{DA534044-B594-4E5B-9832-7B541842924B}.Debug|Any CPU.ActiveCfg = Debug|Any CPU
		{DA534044-B594-4E5B-9832-7B541842924B}.Debug|Any CPU.Build.0 = Debug|Any CPU
		{DA534044-B594-4E5B-9832-7B541842924B}.Release|Any CPU.ActiveCfg = Release|Any CPU
		{DA534044-B594-4E5B-9832-7B541842924B}.Release|Any CPU.Build.0 = Release|Any CPU
		{38A05BEE-116E-4E3C-95AA-125A7C916D18}.Debug|Any CPU.ActiveCfg = Debug|Any CPU
		{38A05BEE-116E-4E3C-95AA-125A7C916D18}.Debug|Any CPU.Build.0 = Debug|Any CPU
		{38A05BEE-116E-4E3C-95AA-125A7C916D18}.Release|Any CPU.ActiveCfg = Release|Any CPU
		{38A05BEE-116E-4E3C-95AA-125A7C916D18}.Release|Any CPU.Build.0 = Release|Any CPU
		{6CE28CC6-068C-4E51-8BE4-DA2342F89C0E}.Debug|Any CPU.ActiveCfg = Debug|Any CPU
		{6CE28CC6-068C-4E51-8BE4-DA2342F89C0E}.Debug|Any CPU.Build.0 = Debug|Any CPU
		{6CE28CC6-068C-4E51-8BE4-DA2342F89C0E}.Release|Any CPU.ActiveCfg = Release|Any CPU
		{6CE28CC6-068C-4E51-8BE4-DA2342F89C0E}.Release|Any CPU.Build.0 = Release|Any CPU
		{F17FDBD2-C695-47D8-8648-7F4DF1FB113E}.Debug|Any CPU.ActiveCfg = Debug|Any CPU
		{F17FDBD2-C695-47D8-8648-7F4DF1FB113E}.Debug|Any CPU.Build.0 = Debug|Any CPU
		{F17FDBD2-C695-47D8-8648-7F4DF1FB113E}.Release|Any CPU.ActiveCfg = Release|Any CPU
		{F17FDBD2-C695-47D8-8648-7F4DF1FB113E}.Release|Any CPU.Build.0 = Release|Any CPU
		{70B2A6CE-067A-4338-93A8-8D04329E3C24}.Debug|Any CPU.ActiveCfg = Debug|Any CPU
		{70B2A6CE-067A-4338-93A8-8D04329E3C24}.Debug|Any CPU.Build.0 = Debug|Any CPU
		{70B2A6CE-067A-4338-93A8-8D04329E3C24}.Release|Any CPU.ActiveCfg = Release|Any CPU
		{70B2A6CE-067A-4338-93A8-8D04329E3C24}.Release|Any CPU.Build.0 = Release|Any CPU
		{433DF7DC-FB6B-4580-BE6B-9EB8EC712616}.Debug|Any CPU.ActiveCfg = Debug|Any CPU
		{433DF7DC-FB6B-4580-BE6B-9EB8EC712616}.Debug|Any CPU.Build.0 = Debug|Any CPU
		{433DF7DC-FB6B-4580-BE6B-9EB8EC712616}.Release|Any CPU.ActiveCfg = Release|Any CPU
		{433DF7DC-FB6B-4580-BE6B-9EB8EC712616}.Release|Any CPU.Build.0 = Release|Any CPU
		{3CDE77DD-1E7A-48D1-86CB-CAB6586A0B3D}.Debug|Any CPU.ActiveCfg = Debug|Any CPU
		{3CDE77DD-1E7A-48D1-86CB-CAB6586A0B3D}.Debug|Any CPU.Build.0 = Debug|Any CPU
		{3CDE77DD-1E7A-48D1-86CB-CAB6586A0B3D}.Release|Any CPU.ActiveCfg = Release|Any CPU
		{3CDE77DD-1E7A-48D1-86CB-CAB6586A0B3D}.Release|Any CPU.Build.0 = Release|Any CPU
		{2E5C94AC-6655-44F1-B0CE-92DD08523690}.Debug|Any CPU.ActiveCfg = Debug|Any CPU
		{2E5C94AC-6655-44F1-B0CE-92DD08523690}.Debug|Any CPU.Build.0 = Debug|Any CPU
		{2E5C94AC-6655-44F1-B0CE-92DD08523690}.Release|Any CPU.ActiveCfg = Release|Any CPU
		{2E5C94AC-6655-44F1-B0CE-92DD08523690}.Release|Any CPU.Build.0 = Release|Any CPU
		{DAED4235-1C40-4CE5-B88B-1A5D5B99DE4F}.Debug|Any CPU.ActiveCfg = Debug|Any CPU
		{DAED4235-1C40-4CE5-B88B-1A5D5B99DE4F}.Debug|Any CPU.Build.0 = Debug|Any CPU
		{DAED4235-1C40-4CE5-B88B-1A5D5B99DE4F}.Release|Any CPU.ActiveCfg = Release|Any CPU
		{DAED4235-1C40-4CE5-B88B-1A5D5B99DE4F}.Release|Any CPU.Build.0 = Release|Any CPU
		{929C29C2-A28E-4D0D-BBDB-14B3CA6548E6}.Debug|Any CPU.ActiveCfg = Debug|Any CPU
		{929C29C2-A28E-4D0D-BBDB-14B3CA6548E6}.Debug|Any CPU.Build.0 = Debug|Any CPU
		{929C29C2-A28E-4D0D-BBDB-14B3CA6548E6}.Release|Any CPU.ActiveCfg = Release|Any CPU
		{929C29C2-A28E-4D0D-BBDB-14B3CA6548E6}.Release|Any CPU.Build.0 = Release|Any CPU
		{92CD8584-D951-4A4D-AD92-9D5E356C807A}.Debug|Any CPU.ActiveCfg = Debug|Any CPU
		{92CD8584-D951-4A4D-AD92-9D5E356C807A}.Debug|Any CPU.Build.0 = Debug|Any CPU
		{92CD8584-D951-4A4D-AD92-9D5E356C807A}.Release|Any CPU.ActiveCfg = Release|Any CPU
		{92CD8584-D951-4A4D-AD92-9D5E356C807A}.Release|Any CPU.Build.0 = Release|Any CPU
		{7E59C941-69B8-4F3B-86E5-0778EB9B16E7}.Debug|Any CPU.ActiveCfg = Debug|Any CPU
		{7E59C941-69B8-4F3B-86E5-0778EB9B16E7}.Debug|Any CPU.Build.0 = Debug|Any CPU
		{7E59C941-69B8-4F3B-86E5-0778EB9B16E7}.Release|Any CPU.ActiveCfg = Release|Any CPU
		{7E59C941-69B8-4F3B-86E5-0778EB9B16E7}.Release|Any CPU.Build.0 = Release|Any CPU
		{DD0B190C-CBCF-4F0B-A752-74B72DF9D53F}.Debug|Any CPU.ActiveCfg = Debug|Any CPU
		{DD0B190C-CBCF-4F0B-A752-74B72DF9D53F}.Debug|Any CPU.Build.0 = Debug|Any CPU
		{DD0B190C-CBCF-4F0B-A752-74B72DF9D53F}.Release|Any CPU.ActiveCfg = Release|Any CPU
		{DD0B190C-CBCF-4F0B-A752-74B72DF9D53F}.Release|Any CPU.Build.0 = Release|Any CPU
		{B20CC1BC-D13D-4605-A6FC-DF78C4875A86}.Debug|Any CPU.ActiveCfg = Debug|Any CPU
		{B20CC1BC-D13D-4605-A6FC-DF78C4875A86}.Debug|Any CPU.Build.0 = Debug|Any CPU
		{B20CC1BC-D13D-4605-A6FC-DF78C4875A86}.Release|Any CPU.ActiveCfg = Release|Any CPU
		{B20CC1BC-D13D-4605-A6FC-DF78C4875A86}.Release|Any CPU.Build.0 = Release|Any CPU
		{A1C134C0-B6C0-49F4-BB5F-FF7CD8331FD5}.Debug|Any CPU.ActiveCfg = Debug|Any CPU
		{A1C134C0-B6C0-49F4-BB5F-FF7CD8331FD5}.Debug|Any CPU.Build.0 = Debug|Any CPU
		{A1C134C0-B6C0-49F4-BB5F-FF7CD8331FD5}.Release|Any CPU.ActiveCfg = Release|Any CPU
		{A1C134C0-B6C0-49F4-BB5F-FF7CD8331FD5}.Release|Any CPU.Build.0 = Release|Any CPU
		{412D56E0-FF6F-4087-9DE8-A9B890DBC381}.Debug|Any CPU.ActiveCfg = Debug|Any CPU
		{412D56E0-FF6F-4087-9DE8-A9B890DBC381}.Debug|Any CPU.Build.0 = Debug|Any CPU
		{412D56E0-FF6F-4087-9DE8-A9B890DBC381}.Release|Any CPU.ActiveCfg = Release|Any CPU
		{412D56E0-FF6F-4087-9DE8-A9B890DBC381}.Release|Any CPU.Build.0 = Release|Any CPU
		{ABC3D153-0D94-40E8-AAFB-5074C08803AA}.Debug|Any CPU.ActiveCfg = Debug|Any CPU
		{ABC3D153-0D94-40E8-AAFB-5074C08803AA}.Debug|Any CPU.Build.0 = Debug|Any CPU
		{ABC3D153-0D94-40E8-AAFB-5074C08803AA}.Release|Any CPU.ActiveCfg = Release|Any CPU
		{ABC3D153-0D94-40E8-AAFB-5074C08803AA}.Release|Any CPU.Build.0 = Release|Any CPU
		{464AA11A-5FD4-4D77-BEF2-EE54D32E2437}.Debug|Any CPU.ActiveCfg = Debug|Any CPU
		{464AA11A-5FD4-4D77-BEF2-EE54D32E2437}.Debug|Any CPU.Build.0 = Debug|Any CPU
		{464AA11A-5FD4-4D77-BEF2-EE54D32E2437}.Release|Any CPU.ActiveCfg = Release|Any CPU
		{464AA11A-5FD4-4D77-BEF2-EE54D32E2437}.Release|Any CPU.Build.0 = Release|Any CPU
		{3931C814-B9A9-42E7-93CF-0B2D1CA12FB7}.Debug|Any CPU.ActiveCfg = Debug|Any CPU
		{3931C814-B9A9-42E7-93CF-0B2D1CA12FB7}.Debug|Any CPU.Build.0 = Debug|Any CPU
		{3931C814-B9A9-42E7-93CF-0B2D1CA12FB7}.Release|Any CPU.ActiveCfg = Release|Any CPU
		{3931C814-B9A9-42E7-93CF-0B2D1CA12FB7}.Release|Any CPU.Build.0 = Release|Any CPU
		{C5E87ABC-537D-4C6C-B98A-B358B2C37C37}.Debug|Any CPU.ActiveCfg = Debug|Any CPU
		{C5E87ABC-537D-4C6C-B98A-B358B2C37C37}.Debug|Any CPU.Build.0 = Debug|Any CPU
		{C5E87ABC-537D-4C6C-B98A-B358B2C37C37}.Release|Any CPU.ActiveCfg = Release|Any CPU
		{C5E87ABC-537D-4C6C-B98A-B358B2C37C37}.Release|Any CPU.Build.0 = Release|Any CPU
		{30D7E554-E5E5-494C-BFDB-D15F1D4ECBF4}.Debug|Any CPU.ActiveCfg = Debug|Any CPU
		{30D7E554-E5E5-494C-BFDB-D15F1D4ECBF4}.Debug|Any CPU.Build.0 = Debug|Any CPU
		{30D7E554-E5E5-494C-BFDB-D15F1D4ECBF4}.Release|Any CPU.ActiveCfg = Release|Any CPU
		{30D7E554-E5E5-494C-BFDB-D15F1D4ECBF4}.Release|Any CPU.Build.0 = Release|Any CPU
	EndGlobalSection
	GlobalSection(SolutionProperties) = preSolution
		HideSolutionNode = FALSE
	EndGlobalSection
	GlobalSection(NestedProjects) = preSolution
		{071DA403-2724-4922-8E67-4B3EEAB85AD9} = {E85545D1-E84D-4F9D-9F11-49EE42482393}
		{32934978-BBA3-484C-94A4-82ACC3607DD0} = {071DA403-2724-4922-8E67-4B3EEAB85AD9}
		{DA1904A2-DDF7-45CC-A1C2-C1289B7FED77} = {071DA403-2724-4922-8E67-4B3EEAB85AD9}
		{D27EEB6D-B95D-43DC-9D36-3FAD2B34D623} = {071DA403-2724-4922-8E67-4B3EEAB85AD9}
		{88A63078-1347-40C0-A32B-E9AF4C8DB5E6} = {E85545D1-E84D-4F9D-9F11-49EE42482393}
		{1C2A811D-E69F-49F8-93E8-866A7041BE62} = {88A63078-1347-40C0-A32B-E9AF4C8DB5E6}
		{712097FA-EC5C-4763-B5F1-97C6C7F98522} = {88A63078-1347-40C0-A32B-E9AF4C8DB5E6}
		{D628B48A-81C7-48C7-96DE-A3A27FE8F503} = {88A63078-1347-40C0-A32B-E9AF4C8DB5E6}
		{FEBA7368-AF70-4ED7-AFC5-D924D46A46F2} = {E85545D1-E84D-4F9D-9F11-49EE42482393}
		{859AE102-C78D-48BE-81FC-120547E2850C} = {FEBA7368-AF70-4ED7-AFC5-D924D46A46F2}
		{51750543-7A0A-430C-954E-546D21D06FBE} = {FEBA7368-AF70-4ED7-AFC5-D924D46A46F2}
		{2FAE18EE-A749-42CA-8D2A-5FB90AF5A1A3} = {FEBA7368-AF70-4ED7-AFC5-D924D46A46F2}
		{C9A9C7D3-E437-4C77-9537-CEDFD0D1C288} = {FEBA7368-AF70-4ED7-AFC5-D924D46A46F2}
		{3E618B92-16D0-49E1-BA0D-BC228464DDA5} = {FEBA7368-AF70-4ED7-AFC5-D924D46A46F2}
		{6AD0B157-677F-406C-A892-574E765A45CF} = {E85545D1-E84D-4F9D-9F11-49EE42482393}
		{50CAF798-F68C-4D36-A525-D33D8BF00597} = {6AD0B157-677F-406C-A892-574E765A45CF}
		{A4A7D400-8BDD-42D1-9272-1706C4A42CA7} = {6AD0B157-677F-406C-A892-574E765A45CF}
		{0A75C0B7-EFCA-483A-9FA3-F4127922D2E3} = {6AD0B157-677F-406C-A892-574E765A45CF}
		{AE7387DF-35A3-45D9-BA85-2BBE8566363A} = {6AD0B157-677F-406C-A892-574E765A45CF}
		{AD1EC094-C74D-4F04-ACF9-8BD4AD93F8D1} = {E85545D1-E84D-4F9D-9F11-49EE42482393}
		{4944489C-FC73-4EA2-AC2D-D02BE39F2058} = {AD1EC094-C74D-4F04-ACF9-8BD4AD93F8D1}
		{EBDBDC88-0E68-41D8-8906-42D19A17E29C} = {AD1EC094-C74D-4F04-ACF9-8BD4AD93F8D1}
		{82FEBC8E-7DAD-44DF-AA40-02EEDEDB5D1E} = {AD1EC094-C74D-4F04-ACF9-8BD4AD93F8D1}
		{C1A0EE68-BADF-416A-A83C-1F11B8853CDF} = {AD1EC094-C74D-4F04-ACF9-8BD4AD93F8D1}
		{C71771D6-FE77-45B3-9AFE-63BD42E62311} = {DA1532E4-F9EA-4E29-9D17-6E836ED5ECF0}
		{63D144C2-A425-4ADE-8759-531661D7884A} = {C71771D6-FE77-45B3-9AFE-63BD42E62311}
		{DA534044-B594-4E5B-9832-7B541842924B} = {C71771D6-FE77-45B3-9AFE-63BD42E62311}
		{38A05BEE-116E-4E3C-95AA-125A7C916D18} = {C71771D6-FE77-45B3-9AFE-63BD42E62311}
		{1DE11D50-030B-44FF-A654-A5A1FBB9B7CF} = {DA1532E4-F9EA-4E29-9D17-6E836ED5ECF0}
		{6CE28CC6-068C-4E51-8BE4-DA2342F89C0E} = {1DE11D50-030B-44FF-A654-A5A1FBB9B7CF}
		{F17FDBD2-C695-47D8-8648-7F4DF1FB113E} = {1DE11D50-030B-44FF-A654-A5A1FBB9B7CF}
		{70B2A6CE-067A-4338-93A8-8D04329E3C24} = {1DE11D50-030B-44FF-A654-A5A1FBB9B7CF}
		{433DF7DC-FB6B-4580-BE6B-9EB8EC712616} = {1DE11D50-030B-44FF-A654-A5A1FBB9B7CF}
		{7FB045CC-2FC2-48AC-BD72-0663F3AF43A1} = {DA1532E4-F9EA-4E29-9D17-6E836ED5ECF0}
		{3CDE77DD-1E7A-48D1-86CB-CAB6586A0B3D} = {7FB045CC-2FC2-48AC-BD72-0663F3AF43A1}
		{2E5C94AC-6655-44F1-B0CE-92DD08523690} = {7FB045CC-2FC2-48AC-BD72-0663F3AF43A1}
		{DAED4235-1C40-4CE5-B88B-1A5D5B99DE4F} = {7FB045CC-2FC2-48AC-BD72-0663F3AF43A1}
		{929C29C2-A28E-4D0D-BBDB-14B3CA6548E6} = {7FB045CC-2FC2-48AC-BD72-0663F3AF43A1}
		{92CD8584-D951-4A4D-AD92-9D5E356C807A} = {7FB045CC-2FC2-48AC-BD72-0663F3AF43A1}
		{7E59C941-69B8-4F3B-86E5-0778EB9B16E7} = {7FB045CC-2FC2-48AC-BD72-0663F3AF43A1}
		{45A8A19A-B0EC-4952-8F24-D62973522A4F} = {DA1532E4-F9EA-4E29-9D17-6E836ED5ECF0}
		{DD0B190C-CBCF-4F0B-A752-74B72DF9D53F} = {45A8A19A-B0EC-4952-8F24-D62973522A4F}
		{B20CC1BC-D13D-4605-A6FC-DF78C4875A86} = {45A8A19A-B0EC-4952-8F24-D62973522A4F}
		{A1C134C0-B6C0-49F4-BB5F-FF7CD8331FD5} = {45A8A19A-B0EC-4952-8F24-D62973522A4F}
		{412D56E0-FF6F-4087-9DE8-A9B890DBC381} = {45A8A19A-B0EC-4952-8F24-D62973522A4F}
		{ABC3D153-0D94-40E8-AAFB-5074C08803AA} = {45A8A19A-B0EC-4952-8F24-D62973522A4F}
		{360554C1-C06F-4838-B9D8-84178B625EE4} = {DA1532E4-F9EA-4E29-9D17-6E836ED5ECF0}
		{464AA11A-5FD4-4D77-BEF2-EE54D32E2437} = {360554C1-C06F-4838-B9D8-84178B625EE4}
		{3931C814-B9A9-42E7-93CF-0B2D1CA12FB7} = {360554C1-C06F-4838-B9D8-84178B625EE4}
		{C5E87ABC-537D-4C6C-B98A-B358B2C37C37} = {360554C1-C06F-4838-B9D8-84178B625EE4}
		{30D7E554-E5E5-494C-BFDB-D15F1D4ECBF4} = {360554C1-C06F-4838-B9D8-84178B625EE4}
	EndGlobalSection
	GlobalSection(ExtensibilityGlobals) = postSolution
		SolutionGuid = {9FC1FC89-E2B2-403D-859C-0EACEF13B453}
	EndGlobalSection
EndGlobal
